
Microsoft Visual Studio Solution File, Format Version 12.00
# Visual Studio Version 16
VisualStudioVersion = 16.0.29209.152
MinimumVisualStudioVersion = 10.0.40219.1
Project("{FAE04EC0-301F-11D3-BF4B-00C04F79EFBC}") = "BlazorApp1", "BlazorApp1.csproj", "{F8623B93-1995-4FC4-A4DE-9A8244FB8B70}"
EndProject
Global
	GlobalSection(SolutionConfigurationPlatforms) = preSolution
		Debug|Any CPU = Debug|Any CPU
		Release|Any CPU = Release|Any CPU
	EndGlobalSection
	GlobalSection(ProjectConfigurationPlatforms) = postSolution
		{F8623B93-1995-4FC4-A4DE-9A8244FB8B70}.Debug|Any CPU.ActiveCfg = Debug|Any CPU
		{F8623B93-1995-4FC4-A4DE-9A8244FB8B70}.Debug|Any CPU.Build.0 = Debug|Any CPU
		{F8623B93-1995-4FC4-A4DE-9A8244FB8B70}.Release|Any CPU.ActiveCfg = Release|Any CPU
		{F8623B93-1995-4FC4-A4DE-9A8244FB8B70}.Release|Any CPU.Build.0 = Release|Any CPU
	EndGlobalSection
	GlobalSection(SolutionProperties) = preSolution
		HideSolutionNode = FALSE
	EndGlobalSection
	GlobalSection(ExtensibilityGlobals) = postSolution
		SolutionGuid = {74BABF06-0474-42F0-81D1-A8CE3E78D2F1}
	EndGlobalSection
EndGlobal
